
Microsoft Visual Studio Solution File, Format Version 12.00
# Visual Studio Version 16
VisualStudioVersion = 16.0.29215.179
MinimumVisualStudioVersion = 10.0.40219.1
Project("{FAE04EC0-301F-11D3-BF4B-00C04F79EFBC}") = "SaiProject", "SaiProject.csproj", "{3CA6571C-CE43-40FB-BB84-3081FA64F396}"
EndProject
Global
	GlobalSection(SolutionConfigurationPlatforms) = preSolution
		Debug|Any CPU = Debug|Any CPU
		Release|Any CPU = Release|Any CPU
	EndGlobalSection
	GlobalSection(ProjectConfigurationPlatforms) = postSolution
		{3CA6571C-CE43-40FB-BB84-3081FA64F396}.Debug|Any CPU.ActiveCfg = Debug|Any CPU
		{3CA6571C-CE43-40FB-BB84-3081FA64F396}.Debug|Any CPU.Build.0 = Debug|Any CPU
		{3CA6571C-CE43-40FB-BB84-3081FA64F396}.Release|Any CPU.ActiveCfg = Release|Any CPU
		{3CA6571C-CE43-40FB-BB84-3081FA64F396}.Release|Any CPU.Build.0 = Release|Any CPU
	EndGlobalSection
	GlobalSection(SolutionProperties) = preSolution
		HideSolutionNode = FALSE
	EndGlobalSection
	GlobalSection(ExtensibilityGlobals) = postSolution
		SolutionGuid = {06669CD9-0810-474E-BD3C-A9AEF17147C1}
	EndGlobalSection
EndGlobal
